// !$*UTF8*$!
{
	archiveVersion = 1;
	classes = {
	};
	objectVersion = 46;
	objects = {

/* Begin PBXBuildFile section */
		EFE3645C1B66A14700D9EAE1 /* main.m in Sources */ = {isa = PBXBuildFile; fileRef = EFE3645B1B66A14700D9EAE1 /* main.m */; };
		EFE3645F1B66A14700D9EAE1 /* AppDelegate.m in Sources */ = {isa = PBXBuildFile; fileRef = EFE3645E1B66A14700D9EAE1 /* AppDelegate.m */; };
		EFE364621B66A14700D9EAE1 /* ViewController.m in Sources */ = {isa = PBXBuildFile; fileRef = EFE364611B66A14700D9EAE1 /* ViewController.m */; };
		EFE364651B66A14700D9EAE1 /* Main.storyboard in Resources */ = {isa = PBXBuildFile; fileRef = EFE364631B66A14700D9EAE1 /* Main.storyboard */; };
		EFE364671B66A14700D9EAE1 /* Images.xcassets in Resources */ = {isa = PBXBuildFile; fileRef = EFE364661B66A14700D9EAE1 /* Images.xcassets */; };
		EFE3646A1B66A14700D9EAE1 /* LaunchScreen.xib in Resources */ = {isa = PBXBuildFile; fileRef = EFE364681B66A14700D9EAE1 /* LaunchScreen.xib */; };
		EFE364761B66A14700D9EAE1 /* BuildingLEDTests.m in Sources */ = {isa = PBXBuildFile; fileRef = EFE364751B66A14700D9EAE1 /* BuildingLEDTests.m */; };
/* End PBXBuildFile section */

/* Begin PBXContainerItemProxy section */
		EFE364701B66A14700D9EAE1 /* PBXContainerItemProxy */ = {
			isa = PBXContainerItemProxy;
			containerPortal = EFE3644E1B66A14700D9EAE1 /* Project object */;
			proxyType = 1;
			remoteGlobalIDString = EFE364551B66A14700D9EAE1;
			remoteInfo = BuildingLED;
		};
/* End PBXContainerItemProxy section */

/* Begin PBXFileReference section */
		EFE364561B66A14700D9EAE1 /* BuildingLED.app */ = {isa = PBXFileReference; explicitFileType = wrapper.application; includeInIndex = 0; path = BuildingLED.app; sourceTree = BUILT_PRODUCTS_DIR; };
		EFE3645A1B66A14700D9EAE1 /* Info.plist */ = {isa = PBXFileReference; lastKnownFileType = text.plist.xml; path = Info.plist; sourceTree = "<group>"; };
		EFE3645B1B66A14700D9EAE1 /* main.m */ = {isa = PBXFileReference; lastKnownFileType = sourcecode.c.objc; path = main.m; sourceTree = "<group>"; };
		EFE3645D1B66A14700D9EAE1 /* AppDelegate.h */ = {isa = PBXFileReference; lastKnownFileType = sourcecode.c.h; path = AppDelegate.h; sourceTree = "<group>"; };
		EFE3645E1B66A14700D9EAE1 /* AppDelegate.m */ = {isa = PBXFileReference; lastKnownFileType = sourcecode.c.objc; path = AppDelegate.m; sourceTree = "<group>"; };
		EFE364601B66A14700D9EAE1 /* ViewController.h */ = {isa = PBXFileReference; lastKnownFileType = sourcecode.c.h; path = ViewController.h; sourceTree = "<group>"; };
		EFE364611B66A14700D9EAE1 /* ViewController.m */ = {isa = PBXFileReference; lastKnownFileType = sourcecode.c.objc; path = ViewController.m; sourceTree = "<group>"; };
		EFE364641B66A14700D9EAE1 /* Base */ = {isa = PBXFileReference; lastKnownFileType = file.storyboard; name = Base; path = Base.lproj/Main.storyboard; sourceTree = "<group>"; };
		EFE364661B66A14700D9EAE1 /* Images.xcassets */ = {isa = PBXFileReference; lastKnownFileType = folder.assetcatalog; path = Images.xcassets; sourceTree = "<group>"; };
		EFE364691B66A14700D9EAE1 /* Base */ = {isa = PBXFileReference; lastKnownFileType = file.xib; name = Base; path = Base.lproj/LaunchScreen.xib; sourceTree = "<group>"; };
		EFE3646F1B66A14700D9EAE1 /* BuildingLEDTests.xctest */ = {isa = PBXFileReference; explicitFileType = wrapper.cfbundle; includeInIndex = 0; path = BuildingLEDTests.xctest; sourceTree = BUILT_PRODUCTS_DIR; };
		EFE364741B66A14700D9EAE1 /* Info.plist */ = {isa = PBXFileReference; lastKnownFileType = text.plist.xml; path = Info.plist; sourceTree = "<group>"; };
		EFE364751B66A14700D9EAE1 /* BuildingLEDTests.m */ = {isa = PBXFileReference; lastKnownFileType = sourcecode.c.objc; path = BuildingLEDTests.m; sourceTree = "<group>"; };
/* End PBXFileReference section */

/* Begin PBXFrameworksBuildPhase section */
		EFE364531B66A14700D9EAE1 /* Frameworks */ = {
			isa = PBXFrameworksBuildPhase;
			buildActionMask = 2147483647;
			files = (
			);
			runOnlyForDeploymentPostprocessing = 0;
		};
		EFE3646C1B66A14700D9EAE1 /* Frameworks */ = {
			isa = PBXFrameworksBuildPhase;
			buildActionMask = 2147483647;
			files = (
			);
			runOnlyForDeploymentPostprocessing = 0;
		};
/* End PBXFrameworksBuildPhase section */

/* Begin PBXGroup section */
		EFE3644D1B66A14700D9EAE1 = {
			isa = PBXGroup;
			children = (
				EFE364581B66A14700D9EAE1 /* BuildingLED */,
				EFE364721B66A14700D9EAE1 /* BuildingLEDTests */,
				EFE364571B66A14700D9EAE1 /* Products */,
			);
			sourceTree = "<group>";
		};
		EFE364571B66A14700D9EAE1 /* Products */ = {
			isa = PBXGroup;
			children = (
				EFE364561B66A14700D9EAE1 /* BuildingLED.app */,
				EFE3646F1B66A14700D9EAE1 /* BuildingLEDTests.xctest */,
			);
			name = Products;
			sourceTree = "<group>";
		};
		EFE364581B66A14700D9EAE1 /* BuildingLED */ = {
			isa = PBXGroup;
			children = (
				EFE3645D1B66A14700D9EAE1 /* AppDelegate.h */,
				EFE3645E1B66A14700D9EAE1 /* AppDelegate.m */,
				EFE364601B66A14700D9EAE1 /* ViewController.h */,
				EFE364611B66A14700D9EAE1 /* ViewController.m */,
				EFE364631B66A14700D9EAE1 /* Main.storyboard */,
				EFE364661B66A14700D9EAE1 /* Images.xcassets */,
				EFE364681B66A14700D9EAE1 /* LaunchScreen.xib */,
				EFE364591B66A14700D9EAE1 /* Supporting Files */,
			);
			path = BuildingLED;
			sourceTree = "<group>";
		};
		EFE364591B66A14700D9EAE1 /* Supporting Files */ = {
			isa = PBXGroup;
			children = (
				EFE3645A1B66A14700D9EAE1 /* Info.plist */,
				EFE3645B1B66A14700D9EAE1 /* main.m */,
			);
			name = "Supporting Files";
			sourceTree = "<group>";
		};
		EFE364721B66A14700D9EAE1 /* BuildingLEDTests */ = {
			isa = PBXGroup;
			children = (
				EFE364751B66A14700D9EAE1 /* BuildingLEDTests.m */,
				EFE364731B66A14700D9EAE1 /* Supporting Files */,
			);
			path = BuildingLEDTests;
			sourceTree = "<group>";
		};
		EFE364731B66A14700D9EAE1 /* Supporting Files */ = {
			isa = PBXGroup;
			children = (
				EFE364741B66A14700D9EAE1 /* Info.plist */,
			);
			name = "Supporting Files";
			sourceTree = "<group>";
		};
/* End PBXGroup section */

/* Begin PBXNativeTarget section */
		EFE364551B66A14700D9EAE1 /* BuildingLED */ = {
			isa = PBXNativeTarget;
			buildConfigurationList = EFE364791B66A14700D9EAE1 /* Build configuration list for PBXNativeTarget "BuildingLED" */;
			buildPhases = (
				EFE364521B66A14700D9EAE1 /* Sources */,
				EFE364531B66A14700D9EAE1 /* Frameworks */,
				EFE364541B66A14700D9EAE1 /* Resources */,
			);
			buildRules = (
			);
			dependencies = (
			);
			name = BuildingLED;
			productName = BuildingLED;
			productReference = EFE364561B66A14700D9EAE1 /* BuildingLED.app */;
			productType = "com.apple.product-type.application";
		};
		EFE3646E1B66A14700D9EAE1 /* BuildingLEDTests */ = {
			isa = PBXNativeTarget;
			buildConfigurationList = EFE3647C1B66A14700D9EAE1 /* Build configuration list for PBXNativeTarget "BuildingLEDTests" */;
			buildPhases = (
				EFE3646B1B66A14700D9EAE1 /* Sources */,
				EFE3646C1B66A14700D9EAE1 /* Frameworks */,
				EFE3646D1B66A14700D9EAE1 /* Resources */,
			);
			buildRules = (
			);
			dependencies = (
				EFE364711B66A14700D9EAE1 /* PBXTargetDependency */,
			);
			name = BuildingLEDTests;
			productName = BuildingLEDTests;
			productReference = EFE3646F1B66A14700D9EAE1 /* BuildingLEDTests.xctest */;
			productType = "com.apple.product-type.bundle.unit-test";
		};
/* End PBXNativeTarget section */

/* Begin PBXProject section */
		EFE3644E1B66A14700D9EAE1 /* Project object */ = {
			isa = PBXProject;
			attributes = {
				LastUpgradeCheck = 0640;
				ORGANIZATIONNAME = "Văn Tiến Tú";
				TargetAttributes = {
					EFE364551B66A14700D9EAE1 = {
						CreatedOnToolsVersion = 6.4;
					};
					EFE3646E1B66A14700D9EAE1 = {
						CreatedOnToolsVersion = 6.4;
						TestTargetID = EFE364551B66A14700D9EAE1;
					};
				};
			};
			buildConfigurationList = EFE364511B66A14700D9EAE1 /* Build configuration list for PBXProject "BuildingLED" */;
			compatibilityVersion = "Xcode 3.2";
			developmentRegion = English;
			hasScannedForEncodings = 0;
			knownRegions = (
				en,
				Base,
			);
			mainGroup = EFE3644D1B66A14700D9EAE1;
			productRefGroup = EFE364571B66A14700D9EAE1 /* Products */;
			projectDirPath = "";
			projectRoot = "";
			targets = (
				EFE364551B66A14700D9EAE1 /* BuildingLED */,
				EFE3646E1B66A14700D9EAE1 /* BuildingLEDTests */,
			);
		};
/* End PBXProject section */

/* Begin PBXResourcesBuildPhase section */
		EFE364541B66A14700D9EAE1 /* Resources */ = {
			isa = PBXResourcesBuildPhase;
			buildActionMask = 2147483647;
			files = (
				EFE364651B66A14700D9EAE1 /* Main.storyboard in Resources */,
				EFE3646A1B66A14700D9EAE1 /* LaunchScreen.xib in Resources */,
				EFE364671B66A14700D9EAE1 /* Images.xcassets in Resources */,
			);
			runOnlyForDeploymentPostprocessing = 0;
		};
		EFE3646D1B66A14700D9EAE1 /* Resources */ = {
			isa = PBXResourcesBuildPhase;
			buildActionMask = 2147483647;
			files = (
			);
			runOnlyForDeploymentPostprocessing = 0;
		};
/* End PBXResourcesBuildPhase section */

/* Begin PBXSourcesBuildPhase section */
		EFE364521B66A14700D9EAE1 /* Sources */ = {
			isa = PBXSourcesBuildPhase;
			buildActionMask = 2147483647;
			files = (
				EFE364621B66A14700D9EAE1 /* ViewController.m in Sources */,
				EFE3645F1B66A14700D9EAE1 /* AppDelegate.m in Sources */,
				EFE3645C1B66A14700D9EAE1 /* main.m in Sources */,
			);
			runOnlyForDeploymentPostprocessing = 0;
		};
		EFE3646B1B66A14700D9EAE1 /* Sources */ = {
			isa = PBXSourcesBuildPhase;
			buildActionMask = 2147483647;
			files = (
				EFE364761B66A14700D9EAE1 /* BuildingLEDTests.m in Sources */,
			);
			runOnlyForDeploymentPostprocessing = 0;
		};
/* End PBXSourcesBuildPhase section */

/* Begin PBXTargetDependency section */
		EFE364711B66A14700D9EAE1 /* PBXTargetDependency */ = {
			isa = PBXTargetDependency;
			target = EFE364551B66A14700D9EAE1 /* BuildingLED */;
			targetProxy = EFE364701B66A14700D9EAE1 /* PBXContainerItemProxy */;
		};
/* End PBXTargetDependency section */

/* Begin PBXVariantGroup section */
		EFE364631B66A14700D9EAE1 /* Main.storyboard */ = {
			isa = PBXVariantGroup;
			children = (
				EFE364641B66A14700D9EAE1 /* Base */,
			);
			name = Main.storyboard;
			sourceTree = "<group>";
		};
		EFE364681B66A14700D9EAE1 /* LaunchScreen.xib */ = {
			isa = PBXVariantGroup;
			children = (
				EFE364691B66A14700D9EAE1 /* Base */,
			);
			name = LaunchScreen.xib;
			sourceTree = "<group>";
		};
/* End PBXVariantGroup section */

/* Begin XCBuildConfiguration section */
		EFE364771B66A14700D9EAE1 /* Debug */ = {
			isa = XCBuildConfiguration;
			buildSettings = {
				ALWAYS_SEARCH_USER_PATHS = NO;
				CLANG_CXX_LANGUAGE_STANDARD = "gnu++0x";
				CLANG_CXX_LIBRARY = "libc++";
				CLANG_ENABLE_MODULES = YES;
				CLANG_ENABLE_OBJC_ARC = YES;
				CLANG_WARN_BOOL_CONVERSION = YES;
				CLANG_WARN_CONSTANT_CONVERSION = YES;
				CLANG_WARN_DIRECT_OBJC_ISA_USAGE = YES_ERROR;
				CLANG_WARN_EMPTY_BODY = YES;
				CLANG_WARN_ENUM_CONVERSION = YES;
				CLANG_WARN_INT_CONVERSION = YES;
				CLANG_WARN_OBJC_ROOT_CLASS = YES_ERROR;
				CLANG_WARN_UNREACHABLE_CODE = YES;
				CLANG_WARN__DUPLICATE_METHOD_MATCH = YES;
				"CODE_SIGN_IDENTITY[sdk=iphoneos*]" = "iPhone Developer";
				COPY_PHASE_STRIP = NO;
				DEBUG_INFORMATION_FORMAT = "dwarf-with-dsym";
				ENABLE_STRICT_OBJC_MSGSEND = YES;
				GCC_C_LANGUAGE_STANDARD = gnu99;
				GCC_DYNAMIC_NO_PIC = NO;
				GCC_NO_COMMON_BLOCKS = YES;
				GCC_OPTIMIZATION_LEVEL = 0;
				GCC_PREPROCESSOR_DEFINITIONS = (
					"DEBUG=1",
					"$(inherited)",
				);
				GCC_SYMBOLS_PRIVATE_EXTERN = NO;
				GCC_WARN_64_TO_32_BIT_CONVERSION = YES;
				GCC_WARN_ABOUT_RETURN_TYPE = YES_ERROR;
				GCC_WARN_UNDECLARED_SELECTOR = YES;
				GCC_WARN_UNINITIALIZED_AUTOS = YES_AGGRESSIVE;
				GCC_WARN_UNUSED_FUNCTION = YES;
				GCC_WARN_UNUSED_VARIABLE = YES;
				IPHONEOS_DEPLOYMENT_TARGET = 8.4;
				MTL_ENABLE_DEBUG_INFO = YES;
				ONLY_ACTIVE_ARCH = YES;
				SDKROOT = iphoneos;
			};
			name = Debug;
		};
		EFE364781B66A14700D9EAE1 /* Release */ = {
			isa = XCBuildConfiguration;
			buildSettings = {
				ALWAYS_SEARCH_USER_PATHS = NO;
				CLANG_CXX_LANGUAGE_STANDARD = "gnu++0x";
				CLANG_CXX_LIBRARY = "libc++";
				CLANG_ENABLE_MODULES = YES;
				CLANG_ENABLE_OBJC_ARC = YES;
				CLANG_WARN_BOOL_CONVERSION = YES;
				CLANG_WARN_CONSTANT_CONVERSION = YES;
				CLANG_WARN_DIRECT_OBJC_ISA_USAGE = YES_ERROR;
				CLANG_WARN_EMPTY_BODY = YES;
				CLANG_WARN_ENUM_CONVERSION = YES;
				CLANG_WARN_INT_CONVERSION = YES;
				CLANG_WARN_OBJC_ROOT_CLASS = YES_ERROR;
				CLANG_WARN_UNREACHABLE_CODE = YES;
				CLANG_WARN__DUPLICATE_METHOD_MATCH = YES;
				"CODE_SIGN_IDENTITY[sdk=iphoneos*]" = "iPhone Developer";
				COPY_PHASE_STRIP = NO;
				DEBUG_INFORMATION_FORMAT = "dwarf-with-dsym";
				ENABLE_NS_ASSERTIONS = NO;
				ENABLE_STRICT_OBJC_MSGSEND = YES;
				GCC_C_LANGUAGE_STANDARD = gnu99;
				GCC_NO_COMMON_BLOCKS = YES;
				GCC_WARN_64_TO_32_BIT_CONVERSION = YES;
				GCC_WARN_ABOUT_RETURN_TYPE = YES_ERROR;
				GCC_WARN_UNDECLARED_SELECTOR = YES;
				GCC_WARN_UNINITIALIZED_AUTOS = YES_AGGRESSIVE;
				GCC_WARN_UNUSED_FUNCTION = YES;
				GCC_WARN_UNUSED_VARIABLE = YES;
				IPHONEOS_DEPLOYMENT_TARGET = 8.4;
				MTL_ENABLE_DEBUG_INFO = NO;
				SDKROOT = iphoneos;
				VALIDATE_PRODUCT = YES;
			};
			name = Release;
		};
		EFE3647A1B66A14700D9EAE1 /* Debug */ = {
			isa = XCBuildConfiguration;
			buildSettings = {
				ASSETCATALOG_COMPILER_APPICON_NAME = AppIcon;
				INFOPLIST_FILE = BuildingLED/Info.plist;
				LD_RUNPATH_SEARCH_PATHS = "$(inherited) @executable_path/Frameworks";
				PRODUCT_NAME = "$(TARGET_NAME)";
			};
			name = Debug;
		};
		EFE3647B1B66A14700D9EAE1 /* Release */ = {
			isa = XCBuildConfiguration;
			buildSettings = {
				ASSETCATALOG_COMPILER_APPICON_NAME = AppIcon;
				INFOPLIST_FILE = BuildingLED/Info.plist;
				LD_RUNPATH_SEARCH_PATHS = "$(inherited) @executable_path/Frameworks";
				PRODUCT_NAME = "$(TARGET_NAME)";
			};
			name = Release;
		};
		EFE3647D1B66A14700D9EAE1 /* Debug */ = {
			isa = XCBuildConfiguration;
			buildSettings = {
				BUNDLE_LOADER = "$(TEST_HOST)";
				FRAMEWORK_SEARCH_PATHS = (
					"$(SDKROOT)/Developer/Library/Frameworks",
					"$(inherited)",
				);
				GCC_PREPROCESSOR_DEFINITIONS = (
					"DEBUG=1",
					"$(inherited)",
				);
				INFOPLIST_FILE = BuildingLEDTests/Info.plist;
				LD_RUNPATH_SEARCH_PATHS = "$(inherited) @executable_path/Frameworks @loader_path/Frameworks";
				PRODUCT_NAME = "$(TARGET_NAME)";
				TEST_HOST = "$(BUILT_PRODUCTS_DIR)/BuildingLED.app/BuildingLED";
			};
			name = Debug;
		};
		EFE3647E1B66A14700D9EAE1 /* Release */ = {
			isa = XCBuildConfiguration;
			buildSettings = {
				BUNDLE_LOADER = "$(TEST_HOST)";
				FRAMEWORK_SEARCH_PATHS = (
					"$(SDKROOT)/Developer/Library/Frameworks",
					"$(inherited)",
				);
				INFOPLIST_FILE = BuildingLEDTests/Info.plist;
				LD_RUNPATH_SEARCH_PATHS = "$(inherited) @executable_path/Frameworks @loader_path/Frameworks";
				PRODUCT_NAME = "$(TARGET_NAME)";
				TEST_HOST = "$(BUILT_PRODUCTS_DIR)/BuildingLED.app/BuildingLED";
			};
			name = Release;
		};
/* End XCBuildConfiguration section */

/* Begin XCConfigurationList section */
		EFE364511B66A14700D9EAE1 /* Build configuration list for PBXProject "BuildingLED" */ = {
			isa = XCConfigurationList;
			buildConfigurations = (
				EFE364771B66A14700D9EAE1 /* Debug */,
				EFE364781B66A14700D9EAE1 /* Release */,
			);
			defaultConfigurationIsVisible = 0;
			defaultConfigurationName = Release;
		};
		EFE364791B66A14700D9EAE1 /* Build configuration list for PBXNativeTarget "BuildingLED" */ = {
			isa = XCConfigurationList;
			buildConfigurations = (
				EFE3647A1B66A14700D9EAE1 /* Debug */,
				EFE3647B1B66A14700D9EAE1 /* Release */,
			);
			defaultConfigurationIsVisible = 0;
		};
		EFE3647C1B66A14700D9EAE1 /* Build configuration list for PBXNativeTarget "BuildingLEDTests" */ = {
			isa = XCConfigurationList;
			buildConfigurations = (
				EFE3647D1B66A14700D9EAE1 /* Debug */,
				EFE3647E1B66A14700D9EAE1 /* Release */,
			);
			defaultConfigurationIsVisible = 0;
		};
/* End XCConfigurationList section */
	};
	rootObject = EFE3644E1B66A14700D9EAE1 /* Project object */;
}
